
Microsoft Visual Studio Solution File, Format Version 12.00
# Visual Studio Version 16
VisualStudioVersion = 16.0.31624.102
MinimumVisualStudioVersion = 10.0.40219.1
Project("{FAE04EC0-301F-11D3-BF4B-00C04F79EFBC}") = "CalculatorApp", "CalculatorApp\CalculatorApp.csproj", "{9782B546-2131-4943-AB10-66CBA4300699}"
EndProject
Global
	GlobalSection(SolutionConfigurationPlatforms) = preSolution
		Debug|Any CPU = Debug|Any CPU
		Release|Any CPU = Release|Any CPU
	EndGlobalSection
	GlobalSection(ProjectConfigurationPlatforms) = postSolution
		{9782B546-2131-4943-AB10-66CBA4300699}.Debug|Any CPU.ActiveCfg = Debug|Any CPU
		{9782B546-2131-4943-AB10-66CBA4300699}.Debug|Any CPU.Build.0 = Debug|Any CPU
		{9782B546-2131-4943-AB10-66CBA4300699}.Release|Any CPU.ActiveCfg = Release|Any CPU
		{9782B546-2131-4943-AB10-66CBA4300699}.Release|Any CPU.Build.0 = Release|Any CPU
	EndGlobalSection
	GlobalSection(SolutionProperties) = preSolution
		HideSolutionNode = FALSE
	EndGlobalSection
	GlobalSection(ExtensibilityGlobals) = postSolution
		SolutionGuid = {0151CC05-7600-4041-BDDA-B7B25FDD4F33}
	EndGlobalSection
EndGlobal
